// !$*UTF8*$!
{
	archiveVersion = 1;
	classes = {
	};
	objectVersion = 50;
	objects = {

/* Begin PBXBuildFile section */
		956CFEB423D5579800FE9F5A /* AppDelegate.swift in Sources */ = {isa = PBXBuildFile; fileRef = 956CFEB323D5579800FE9F5A /* AppDelegate.swift */; };
		956CFEB623D5579900FE9F5A /* SceneDelegate.swift in Sources */ = {isa = PBXBuildFile; fileRef = 956CFEB523D5579900FE9F5A /* SceneDelegate.swift */; };
		956CFEB823D5579900FE9F5A /* ViewController.swift in Sources */ = {isa = PBXBuildFile; fileRef = 956CFEB723D5579900FE9F5A /* ViewController.swift */; };
		956CFEBB23D5579900FE9F5A /* Main.storyboard in Resources */ = {isa = PBXBuildFile; fileRef = 956CFEB923D5579900FE9F5A /* Main.storyboard */; };
		956CFEBD23D5579D00FE9F5A /* Assets.xcassets in Resources */ = {isa = PBXBuildFile; fileRef = 956CFEBC23D5579D00FE9F5A /* Assets.xcassets */; };
		956CFEC023D5579D00FE9F5A /* LaunchScreen.storyboard in Resources */ = {isa = PBXBuildFile; fileRef = 956CFEBE23D5579D00FE9F5A /* LaunchScreen.storyboard */; };
		956CFECB23D5579D00FE9F5A /* TipCalculatorTests.swift in Sources */ = {isa = PBXBuildFile; fileRef = 956CFECA23D5579D00FE9F5A /* TipCalculatorTests.swift */; };
		956CFED623D5579D00FE9F5A /* TipCalculatorUITests.swift in Sources */ = {isa = PBXBuildFile; fileRef = 956CFED523D5579D00FE9F5A /* TipCalculatorUITests.swift */; };
		95D83CE423DA3B1400CFFFE9 /* SettingsViewController.swift in Sources */ = {isa = PBXBuildFile; fileRef = 95D83CE323DA3B1400CFFFE9 /* SettingsViewController.swift */; };
/* End PBXBuildFile section */

/* Begin PBXContainerItemProxy section */
		956CFEC723D5579D00FE9F5A /* PBXContainerItemProxy */ = {
			isa = PBXContainerItemProxy;
			containerPortal = 956CFEA823D5579800FE9F5A /* Project object */;
			proxyType = 1;
			remoteGlobalIDString = 956CFEAF23D5579800FE9F5A;
			remoteInfo = TipCalculator;
		};
		956CFED223D5579D00FE9F5A /* PBXContainerItemProxy */ = {
			isa = PBXContainerItemProxy;
			containerPortal = 956CFEA823D5579800FE9F5A /* Project object */;
			proxyType = 1;
			remoteGlobalIDString = 956CFEAF23D5579800FE9F5A;
			remoteInfo = TipCalculator;
		};
/* End PBXContainerItemProxy section */

/* Begin PBXFileReference section */
		956CFEB023D5579800FE9F5A /* TipCalculator.app */ = {isa = PBXFileReference; explicitFileType = wrapper.application; includeInIndex = 0; path = TipCalculator.app; sourceTree = BUILT_PRODUCTS_DIR; };
		956CFEB323D5579800FE9F5A /* AppDelegate.swift */ = {isa = PBXFileReference; lastKnownFileType = sourcecode.swift; path = AppDelegate.swift; sourceTree = "<group>"; };
		956CFEB523D5579900FE9F5A /* SceneDelegate.swift */ = {isa = PBXFileReference; lastKnownFileType = sourcecode.swift; path = SceneDelegate.swift; sourceTree = "<group>"; };
		956CFEB723D5579900FE9F5A /* ViewController.swift */ = {isa = PBXFileReference; lastKnownFileType = sourcecode.swift; path = ViewController.swift; sourceTree = "<group>"; };
		956CFEBA23D5579900FE9F5A /* Base */ = {isa = PBXFileReference; lastKnownFileType = file.storyboard; name = Base; path = Base.lproj/Main.storyboard; sourceTree = "<group>"; };
		956CFEBC23D5579D00FE9F5A /* Assets.xcassets */ = {isa = PBXFileReference; lastKnownFileType = folder.assetcatalog; path = Assets.xcassets; sourceTree = "<group>"; };
		956CFEBF23D5579D00FE9F5A /* Base */ = {isa = PBXFileReference; lastKnownFileType = file.storyboard; name = Base; path = Base.lproj/LaunchScreen.storyboard; sourceTree = "<group>"; };
		956CFEC123D5579D00FE9F5A /* Info.plist */ = {isa = PBXFileReference; lastKnownFileType = text.plist.xml; path = Info.plist; sourceTree = "<group>"; };
		956CFEC623D5579D00FE9F5A /* TipCalculatorTests.xctest */ = {isa = PBXFileReference; explicitFileType = wrapper.cfbundle; includeInIndex = 0; path = TipCalculatorTests.xctest; sourceTree = BUILT_PRODUCTS_DIR; };
		956CFECA23D5579D00FE9F5A /* TipCalculatorTests.swift */ = {isa = PBXFileReference; lastKnownFileType = sourcecode.swift; path = TipCalculatorTests.swift; sourceTree = "<group>"; };
		956CFECC23D5579D00FE9F5A /* Info.plist */ = {isa = PBXFileReference; lastKnownFileType = text.plist.xml; path = Info.plist; sourceTree = "<group>"; };
		956CFED123D5579D00FE9F5A /* TipCalculatorUITests.xctest */ = {isa = PBXFileReference; explicitFileType = wrapper.cfbundle; includeInIndex = 0; path = TipCalculatorUITests.xctest; sourceTree = BUILT_PRODUCTS_DIR; };
		956CFED523D5579D00FE9F5A /* TipCalculatorUITests.swift */ = {isa = PBXFileReference; lastKnownFileType = sourcecode.swift; path = TipCalculatorUITests.swift; sourceTree = "<group>"; };
		956CFED723D5579E00FE9F5A /* Info.plist */ = {isa = PBXFileReference; lastKnownFileType = text.plist.xml; path = Info.plist; sourceTree = "<group>"; };
		95D83CE323DA3B1400CFFFE9 /* SettingsViewController.swift */ = {isa = PBXFileReference; lastKnownFileType = sourcecode.swift; path = SettingsViewController.swift; sourceTree = "<group>"; };
/* End PBXFileReference section */

/* Begin PBXFrameworksBuildPhase section */
		956CFEAD23D5579800FE9F5A /* Frameworks */ = {
			isa = PBXFrameworksBuildPhase;
			buildActionMask = 2147483647;
			files = (
			);
			runOnlyForDeploymentPostprocessing = 0;
		};
		956CFEC323D5579D00FE9F5A /* Frameworks */ = {
			isa = PBXFrameworksBuildPhase;
			buildActionMask = 2147483647;
			files = (
			);
			runOnlyForDeploymentPostprocessing = 0;
		};
		956CFECE23D5579D00FE9F5A /* Frameworks */ = {
			isa = PBXFrameworksBuildPhase;
			buildActionMask = 2147483647;
			files = (
			);
			runOnlyForDeploymentPostprocessing = 0;
		};
/* End PBXFrameworksBuildPhase section */

/* Begin PBXGroup section */
		956CFEA723D5579800FE9F5A = {
			isa = PBXGroup;
			children = (
				956CFEB223D5579800FE9F5A /* TipCalculator */,
				956CFEC923D5579D00FE9F5A /* TipCalculatorTests */,
				956CFED423D5579D00FE9F5A /* TipCalculatorUITests */,
				956CFEB123D5579800FE9F5A /* Products */,
			);
			sourceTree = "<group>";
		};
		956CFEB123D5579800FE9F5A /* Products */ = {
			isa = PBXGroup;
			children = (
				956CFEB023D5579800FE9F5A /* TipCalculator.app */,
				956CFEC623D5579D00FE9F5A /* TipCalculatorTests.xctest */,
				956CFED123D5579D00FE9F5A /* TipCalculatorUITests.xctest */,
			);
			name = Products;
			sourceTree = "<group>";
		};
		956CFEB223D5579800FE9F5A /* TipCalculator */ = {
			isa = PBXGroup;
			children = (
				95D83CE323DA3B1400CFFFE9 /* SettingsViewController.swift */,
				956CFEB323D5579800FE9F5A /* AppDelegate.swift */,
				956CFEB523D5579900FE9F5A /* SceneDelegate.swift */,
				956CFEB723D5579900FE9F5A /* ViewController.swift */,
				956CFEB923D5579900FE9F5A /* Main.storyboard */,
				956CFEBC23D5579D00FE9F5A /* Assets.xcassets */,
				956CFEBE23D5579D00FE9F5A /* LaunchScreen.storyboard */,
				956CFEC123D5579D00FE9F5A /* Info.plist */,
			);
			path = TipCalculator;
			sourceTree = "<group>";
		};
		956CFEC923D5579D00FE9F5A /* TipCalculatorTests */ = {
			isa = PBXGroup;
			children = (
				956CFECA23D5579D00FE9F5A /* TipCalculatorTests.swift */,
				956CFECC23D5579D00FE9F5A /* Info.plist */,
			);
			path = TipCalculatorTests;
			sourceTree = "<group>";
		};
		956CFED423D5579D00FE9F5A /* TipCalculatorUITests */ = {
			isa = PBXGroup;
			children = (
				956CFED523D5579D00FE9F5A /* TipCalculatorUITests.swift */,
				956CFED723D5579E00FE9F5A /* Info.plist */,
			);
			path = TipCalculatorUITests;
			sourceTree = "<group>";
		};
/* End PBXGroup section */

/* Begin PBXNativeTarget section */
		956CFEAF23D5579800FE9F5A /* TipCalculator */ = {
			isa = PBXNativeTarget;
			buildConfigurationList = 956CFEDA23D5579E00FE9F5A /* Build configuration list for PBXNativeTarget "TipCalculator" */;
			buildPhases = (
				956CFEAC23D5579800FE9F5A /* Sources */,
				956CFEAD23D5579800FE9F5A /* Frameworks */,
				956CFEAE23D5579800FE9F5A /* Resources */,
			);
			buildRules = (
			);
			dependencies = (
			);
			name = TipCalculator;
			productName = TipCalculator;
			productReference = 956CFEB023D5579800FE9F5A /* TipCalculator.app */;
			productType = "com.apple.product-type.application";
		};
		956CFEC523D5579D00FE9F5A /* TipCalculatorTests */ = {
			isa = PBXNativeTarget;
			buildConfigurationList = 956CFEDD23D5579E00FE9F5A /* Build configuration list for PBXNativeTarget "TipCalculatorTests" */;
			buildPhases = (
				956CFEC223D5579D00FE9F5A /* Sources */,
				956CFEC323D5579D00FE9F5A /* Frameworks */,
				956CFEC423D5579D00FE9F5A /* Resources */,
			);
			buildRules = (
			);
			dependencies = (
				956CFEC823D5579D00FE9F5A /* PBXTargetDependency */,
			);
			name = TipCalculatorTests;
			productName = TipCalculatorTests;
			productReference = 956CFEC623D5579D00FE9F5A /* TipCalculatorTests.xctest */;
			productType = "com.apple.product-type.bundle.unit-test";
		};
		956CFED023D5579D00FE9F5A /* TipCalculatorUITests */ = {
			isa = PBXNativeTarget;
			buildConfigurationList = 956CFEE023D5579E00FE9F5A /* Build configuration list for PBXNativeTarget "TipCalculatorUITests" */;
			buildPhases = (
				956CFECD23D5579D00FE9F5A /* Sources */,
				956CFECE23D5579D00FE9F5A /* Frameworks */,
				956CFECF23D5579D00FE9F5A /* Resources */,
			);
			buildRules = (
			);
			dependencies = (
				956CFED323D5579D00FE9F5A /* PBXTargetDependency */,
			);
			name = TipCalculatorUITests;
			productName = TipCalculatorUITests;
			productReference = 956CFED123D5579D00FE9F5A /* TipCalculatorUITests.xctest */;
			productType = "com.apple.product-type.bundle.ui-testing";
		};
/* End PBXNativeTarget section */

/* Begin PBXProject section */
		956CFEA823D5579800FE9F5A /* Project object */ = {
			isa = PBXProject;
			attributes = {
				LastSwiftUpdateCheck = 1130;
				LastUpgradeCheck = 1130;
				ORGANIZATIONNAME = "Stephen Baity";
				TargetAttributes = {
					956CFEAF23D5579800FE9F5A = {
						CreatedOnToolsVersion = 11.3.1;
					};
					956CFEC523D5579D00FE9F5A = {
						CreatedOnToolsVersion = 11.3.1;
						TestTargetID = 956CFEAF23D5579800FE9F5A;
					};
					956CFED023D5579D00FE9F5A = {
						CreatedOnToolsVersion = 11.3.1;
						TestTargetID = 956CFEAF23D5579800FE9F5A;
					};
				};
			};
			buildConfigurationList = 956CFEAB23D5579800FE9F5A /* Build configuration list for PBXProject "TipCalculator" */;
			compatibilityVersion = "Xcode 9.3";
			developmentRegion = en;
			hasScannedForEncodings = 0;
			knownRegions = (
				en,
				Base,
			);
			mainGroup = 956CFEA723D5579800FE9F5A;
			productRefGroup = 956CFEB123D5579800FE9F5A /* Products */;
			projectDirPath = "";
			projectRoot = "";
			targets = (
				956CFEAF23D5579800FE9F5A /* TipCalculator */,
				956CFEC523D5579D00FE9F5A /* TipCalculatorTests */,
				956CFED023D5579D00FE9F5A /* TipCalculatorUITests */,
			);
		};
/* End PBXProject section */

/* Begin PBXResourcesBuildPhase section */
		956CFEAE23D5579800FE9F5A /* Resources */ = {
			isa = PBXResourcesBuildPhase;
			buildActionMask = 2147483647;
			files = (
				956CFEC023D5579D00FE9F5A /* LaunchScreen.storyboard in Resources */,
				956CFEBD23D5579D00FE9F5A /* Assets.xcassets in Resources */,
				956CFEBB23D5579900FE9F5A /* Main.storyboard in Resources */,
			);
			runOnlyForDeploymentPostprocessing = 0;
		};
		956CFEC423D5579D00FE9F5A /* Resources */ = {
			isa = PBXResourcesBuildPhase;
			buildActionMask = 2147483647;
			files = (
			);
			runOnlyForDeploymentPostprocessing = 0;
		};
		956CFECF23D5579D00FE9F5A /* Resources */ = {
			isa = PBXResourcesBuildPhase;
			buildActionMask = 2147483647;
			files = (
			);
			runOnlyForDeploymentPostprocessing = 0;
		};
/* End PBXResourcesBuildPhase section */

/* Begin PBXSourcesBuildPhase section */
		956CFEAC23D5579800FE9F5A /* Sources */ = {
			isa = PBXSourcesBuildPhase;
			buildActionMask = 2147483647;
			files = (
				956CFEB823D5579900FE9F5A /* ViewController.swift in Sources */,
				956CFEB423D5579800FE9F5A /* AppDelegate.swift in Sources */,
				956CFEB623D5579900FE9F5A /* SceneDelegate.swift in Sources */,
				95D83CE423DA3B1400CFFFE9 /* SettingsViewController.swift in Sources */,
			);
			runOnlyForDeploymentPostprocessing = 0;
		};
		956CFEC223D5579D00FE9F5A /* Sources */ = {
			isa = PBXSourcesBuildPhase;
			buildActionMask = 2147483647;
			files = (
				956CFECB23D5579D00FE9F5A /* TipCalculatorTests.swift in Sources */,
			);
			runOnlyForDeploymentPostprocessing = 0;
		};
		956CFECD23D5579D00FE9F5A /* Sources */ = {
			isa = PBXSourcesBuildPhase;
			buildActionMask = 2147483647;
			files = (
				956CFED623D5579D00FE9F5A /* TipCalculatorUITests.swift in Sources */,
			);
			runOnlyForDeploymentPostprocessing = 0;
		};
/* End PBXSourcesBuildPhase section */

/* Begin PBXTargetDependency section */
		956CFEC823D5579D00FE9F5A /* PBXTargetDependency */ = {
			isa = PBXTargetDependency;
			target = 956CFEAF23D5579800FE9F5A /* TipCalculator */;
			targetProxy = 956CFEC723D5579D00FE9F5A /* PBXContainerItemProxy */;
		};
		956CFED323D5579D00FE9F5A /* PBXTargetDependency */ = {
			isa = PBXTargetDependency;
			target = 956CFEAF23D5579800FE9F5A /* TipCalculator */;
			targetProxy = 956CFED223D5579D00FE9F5A /* PBXContainerItemProxy */;
		};
/* End PBXTargetDependency section */

/* Begin PBXVariantGroup section */
		956CFEB923D5579900FE9F5A /* Main.storyboard */ = {
			isa = PBXVariantGroup;
			children = (
				956CFEBA23D5579900FE9F5A /* Base */,
			);
			name = Main.storyboard;
			sourceTree = "<group>";
		};
		956CFEBE23D5579D00FE9F5A /* LaunchScreen.storyboard */ = {
			isa = PBXVariantGroup;
			children = (
				956CFEBF23D5579D00FE9F5A /* Base */,
			);
			name = LaunchScreen.storyboard;
			sourceTree = "<group>";
		};
/* End PBXVariantGroup section */

/* Begin XCBuildConfiguration section */
		956CFED823D5579E00FE9F5A /* Debug */ = {
			isa = XCBuildConfiguration;
			buildSettings = {
				ALWAYS_SEARCH_USER_PATHS = NO;
				CLANG_ANALYZER_NONNULL = YES;
				CLANG_ANALYZER_NUMBER_OBJECT_CONVERSION = YES_AGGRESSIVE;
				CLANG_CXX_LANGUAGE_STANDARD = "gnu++14";
				CLANG_CXX_LIBRARY = "libc++";
				CLANG_ENABLE_MODULES = YES;
				CLANG_ENABLE_OBJC_ARC = YES;
				CLANG_ENABLE_OBJC_WEAK = YES;
				CLANG_WARN_BLOCK_CAPTURE_AUTORELEASING = YES;
				CLANG_WARN_BOOL_CONVERSION = YES;
				CLANG_WARN_COMMA = YES;
				CLANG_WARN_CONSTANT_CONVERSION = YES;
				CLANG_WARN_DEPRECATED_OBJC_IMPLEMENTATIONS = YES;
				CLANG_WARN_DIRECT_OBJC_ISA_USAGE = YES_ERROR;
				CLANG_WARN_DOCUMENTATION_COMMENTS = YES;
				CLANG_WARN_EMPTY_BODY = YES;
				CLANG_WARN_ENUM_CONVERSION = YES;
				CLANG_WARN_INFINITE_RECURSION = YES;
				CLANG_WARN_INT_CONVERSION = YES;
				CLANG_WARN_NON_LITERAL_NULL_CONVERSION = YES;
				CLANG_WARN_OBJC_IMPLICIT_RETAIN_SELF = YES;
				CLANG_WARN_OBJC_LITERAL_CONVERSION = YES;
				CLANG_WARN_OBJC_ROOT_CLASS = YES_ERROR;
				CLANG_WARN_RANGE_LOOP_ANALYSIS = YES;
				CLANG_WARN_STRICT_PROTOTYPES = YES;
				CLANG_WARN_SUSPICIOUS_MOVE = YES;
				CLANG_WARN_UNGUARDED_AVAILABILITY = YES_AGGRESSIVE;
				CLANG_WARN_UNREACHABLE_CODE = YES;
				CLANG_WARN__DUPLICATE_METHOD_MATCH = YES;
				COPY_PHASE_STRIP = NO;
				DEBUG_INFORMATION_FORMAT = dwarf;
				ENABLE_STRICT_OBJC_MSGSEND = YES;
				ENABLE_TESTABILITY = YES;
				GCC_C_LANGUAGE_STANDARD = gnu11;
				GCC_DYNAMIC_NO_PIC = NO;
				GCC_NO_COMMON_BLOCKS = YES;
				GCC_OPTIMIZATION_LEVEL = 0;
				GCC_PREPROCESSOR_DEFINITIONS = (
					"DEBUG=1",
					"$(inherited)",
				);
				GCC_WARN_64_TO_32_BIT_CONVERSION = YES;
				GCC_WARN_ABOUT_RETURN_TYPE = YES_ERROR;
				GCC_WARN_UNDECLARED_SELECTOR = YES;
				GCC_WARN_UNINITIALIZED_AUTOS = YES_AGGRESSIVE;
				GCC_WARN_UNUSED_FUNCTION = YES;
				GCC_WARN_UNUSED_VARIABLE = YES;
				IPHONEOS_DEPLOYMENT_TARGET = 13.2;
				MTL_ENABLE_DEBUG_INFO = INCLUDE_SOURCE;
				MTL_FAST_MATH = YES;
				ONLY_ACTIVE_ARCH = YES;
				SDKROOT = iphoneos;
				SWIFT_ACTIVE_COMPILATION_CONDITIONS = DEBUG;
				SWIFT_OPTIMIZATION_LEVEL = "-Onone";
			};
			name = Debug;
		};
		956CFED923D5579E00FE9F5A /* Release */ = {
			isa = XCBuildConfiguration;
			buildSettings = {
				ALWAYS_SEARCH_USER_PATHS = NO;
				CLANG_ANALYZER_NONNULL = YES;
				CLANG_ANALYZER_NUMBER_OBJECT_CONVERSION = YES_AGGRESSIVE;
				CLANG_CXX_LANGUAGE_STANDARD = "gnu++14";
				CLANG_CXX_LIBRARY = "libc++";
				CLANG_ENABLE_MODULES = YES;
				CLANG_ENABLE_OBJC_ARC = YES;
				CLANG_ENABLE_OBJC_WEAK = YES;
				CLANG_WARN_BLOCK_CAPTURE_AUTORELEASING = YES;
				CLANG_WARN_BOOL_CONVERSION = YES;
				CLANG_WARN_COMMA = YES;
				CLANG_WARN_CONSTANT_CONVERSION = YES;
				CLANG_WARN_DEPRECATED_OBJC_IMPLEMENTATIONS = YES;
				CLANG_WARN_DIRECT_OBJC_ISA_USAGE = YES_ERROR;
				CLANG_WARN_DOCUMENTATION_COMMENTS = YES;
				CLANG_WARN_EMPTY_BODY = YES;
				CLANG_WARN_ENUM_CONVERSION = YES;
				CLANG_WARN_INFINITE_RECURSION = YES;
				CLANG_WARN_INT_CONVERSION = YES;
				CLANG_WARN_NON_LITERAL_NULL_CONVERSION = YES;
				CLANG_WARN_OBJC_IMPLICIT_RETAIN_SELF = YES;
				CLANG_WARN_OBJC_LITERAL_CONVERSION = YES;
				CLANG_WARN_OBJC_ROOT_CLASS = YES_ERROR;
				CLANG_WARN_RANGE_LOOP_ANALYSIS = YES;
				CLANG_WARN_STRICT_PROTOTYPES = YES;
				CLANG_WARN_SUSPICIOUS_MOVE = YES;
				CLANG_WARN_UNGUARDED_AVAILABILITY = YES_AGGRESSIVE;
				CLANG_WARN_UNREACHABLE_CODE = YES;
				CLANG_WARN__DUPLICATE_METHOD_MATCH = YES;
				COPY_PHASE_STRIP = NO;
				DEBUG_INFORMATION_FORMAT = "dwarf-with-dsym";
				ENABLE_NS_ASSERTIONS = NO;
				ENABLE_STRICT_OBJC_MSGSEND = YES;
				GCC_C_LANGUAGE_STANDARD = gnu11;
				GCC_NO_COMMON_BLOCKS = YES;
				GCC_WARN_64_TO_32_BIT_CONVERSION = YES;
				GCC_WARN_ABOUT_RETURN_TYPE = YES_ERROR;
				GCC_WARN_UNDECLARED_SELECTOR = YES;
				GCC_WARN_UNINITIALIZED_AUTOS = YES_AGGRESSIVE;
				GCC_WARN_UNUSED_FUNCTION = YES;
				GCC_WARN_UNUSED_VARIABLE = YES;
				IPHONEOS_DEPLOYMENT_TARGET = 13.2;
				MTL_ENABLE_DEBUG_INFO = NO;
				MTL_FAST_MATH = YES;
				SDKROOT = iphoneos;
				SWIFT_COMPILATION_MODE = wholemodule;
				SWIFT_OPTIMIZATION_LEVEL = "-O";
				VALIDATE_PRODUCT = YES;
			};
			name = Release;
		};
		956CFEDB23D5579E00FE9F5A /* Debug */ = {
			isa = XCBuildConfiguration;
			buildSettings = {
				ASSETCATALOG_COMPILER_APPICON_NAME = AppIcon;
				CODE_SIGN_STYLE = Automatic;
				DEVELOPMENT_TEAM = JU72V5H8A4;
				INFOPLIST_FILE = TipCalculator/Info.plist;
				LD_RUNPATH_SEARCH_PATHS = (
					"$(inherited)",
					"@executable_path/Frameworks",
				);
				PRODUCT_BUNDLE_IDENTIFIER = com.stephenbaity.TipCalculator;
				PRODUCT_NAME = "$(TARGET_NAME)";
				SWIFT_VERSION = 5.0;
				TARGETED_DEVICE_FAMILY = "1,2";
			};
			name = Debug;
		};
		956CFEDC23D5579E00FE9F5A /* Release */ = {
			isa = XCBuildConfiguration;
			buildSettings = {
				ASSETCATALOG_COMPILER_APPICON_NAME = AppIcon;
				CODE_SIGN_STYLE = Automatic;
				DEVELOPMENT_TEAM = JU72V5H8A4;
				INFOPLIST_FILE = TipCalculator/Info.plist;
				LD_RUNPATH_SEARCH_PATHS = (
					"$(inherited)",
					"@executable_path/Frameworks",
				);
				PRODUCT_BUNDLE_IDENTIFIER = com.stephenbaity.TipCalculator;
				PRODUCT_NAME = "$(TARGET_NAME)";
				SWIFT_VERSION = 5.0;
				TARGETED_DEVICE_FAMILY = "1,2";
			};
			name = Release;
		};
		956CFEDE23D5579E00FE9F5A /* Debug */ = {
			isa = XCBuildConfiguration;
			buildSettings = {
				ALWAYS_EMBED_SWIFT_STANDARD_LIBRARIES = YES;
				BUNDLE_LOADER = "$(TEST_HOST)";
				CODE_SIGN_STYLE = Automatic;
				DEVELOPMENT_TEAM = JU72V5H8A4;
				INFOPLIST_FILE = TipCalculatorTests/Info.plist;
				IPHONEOS_DEPLOYMENT_TARGET = 13.2;
				LD_RUNPATH_SEARCH_PATHS = (
					"$(inherited)",
					"@executable_path/Frameworks",
					"@loader_path/Frameworks",
				);
				PRODUCT_BUNDLE_IDENTIFIER = com.stephenbaity.TipCalculatorTests;
				PRODUCT_NAME = "$(TARGET_NAME)";
				SWIFT_VERSION = 5.0;
				TARGETED_DEVICE_FAMILY = "1,2";
				TEST_HOST = "$(BUILT_PRODUCTS_DIR)/TipCalculator.app/TipCalculator";
			};
			name = Debug;
		};
		956CFEDF23D5579E00FE9F5A /* Release */ = {
			isa = XCBuildConfiguration;
			buildSettings = {
				ALWAYS_EMBED_SWIFT_STANDARD_LIBRARIES = YES;
				BUNDLE_LOADER = "$(TEST_HOST)";
				CODE_SIGN_STYLE = Automatic;
				DEVELOPMENT_TEAM = JU72V5H8A4;
				INFOPLIST_FILE = TipCalculatorTests/Info.plist;
				IPHONEOS_DEPLOYMENT_TARGET = 13.2;
				LD_RUNPATH_SEARCH_PATHS = (
					"$(inherited)",
					"@executable_path/Frameworks",
					"@loader_path/Frameworks",
				);
				PRODUCT_BUNDLE_IDENTIFIER = com.stephenbaity.TipCalculatorTests;
				PRODUCT_NAME = "$(TARGET_NAME)";
				SWIFT_VERSION = 5.0;
				TARGETED_DEVICE_FAMILY = "1,2";
				TEST_HOST = "$(BUILT_PRODUCTS_DIR)/TipCalculator.app/TipCalculator";
			};
			name = Release;
		};
		956CFEE123D5579E00FE9F5A /* Debug */ = {
			isa = XCBuildConfiguration;
			buildSettings = {
				ALWAYS_EMBED_SWIFT_STANDARD_LIBRARIES = YES;
				CODE_SIGN_STYLE = Automatic;
				DEVELOPMENT_TEAM = JU72V5H8A4;
				INFOPLIST_FILE = TipCalculatorUITests/Info.plist;
				LD_RUNPATH_SEARCH_PATHS = (
					"$(inherited)",
					"@executable_path/Frameworks",
					"@loader_path/Frameworks",
				);
				PRODUCT_BUNDLE_IDENTIFIER = com.stephenbaity.TipCalculatorUITests;
				PRODUCT_NAME = "$(TARGET_NAME)";
				SWIFT_VERSION = 5.0;
				TARGETED_DEVICE_FAMILY = "1,2";
				TEST_TARGET_NAME = TipCalculator;
			};
			name = Debug;
		};
		956CFEE223D5579E00FE9F5A /* Release */ = {
			isa = XCBuildConfiguration;
			buildSettings = {
				ALWAYS_EMBED_SWIFT_STANDARD_LIBRARIES = YES;
				CODE_SIGN_STYLE = Automatic;
				DEVELOPMENT_TEAM = JU72V5H8A4;
				INFOPLIST_FILE = TipCalculatorUITests/Info.plist;
				LD_RUNPATH_SEARCH_PATHS = (
					"$(inherited)",
					"@executable_path/Frameworks",
					"@loader_path/Frameworks",
				);
				PRODUCT_BUNDLE_IDENTIFIER = com.stephenbaity.TipCalculatorUITests;
				PRODUCT_NAME = "$(TARGET_NAME)";
				SWIFT_VERSION = 5.0;
				TARGETED_DEVICE_FAMILY = "1,2";
				TEST_TARGET_NAME = TipCalculator;
			};
			name = Release;
		};
/* End XCBuildConfiguration section */

/* Begin XCConfigurationList section */
		956CFEAB23D5579800FE9F5A /* Build configuration list for PBXProject "TipCalculator" */ = {
			isa = XCConfigurationList;
			buildConfigurations = (
				956CFED823D5579E00FE9F5A /* Debug */,
				956CFED923D5579E00FE9F5A /* Release */,
			);
			defaultConfigurationIsVisible = 0;
			defaultConfigurationName = Release;
		};
		956CFEDA23D5579E00FE9F5A /* Build configuration list for PBXNativeTarget "TipCalculator" */ = {
			isa = XCConfigurationList;
			buildConfigurations = (
				956CFEDB23D5579E00FE9F5A /* Debug */,
				956CFEDC23D5579E00FE9F5A /* Release */,
			);
			defaultConfigurationIsVisible = 0;
			defaultConfigurationName = Release;
		};
		956CFEDD23D5579E00FE9F5A /* Build configuration list for PBXNativeTarget "TipCalculatorTests" */ = {
			isa = XCConfigurationList;
			buildConfigurations = (
				956CFEDE23D5579E00FE9F5A /* Debug */,
				956CFEDF23D5579E00FE9F5A /* Release */,
			);
			defaultConfigurationIsVisible = 0;
			defaultConfigurationName = Release;
		};
		956CFEE023D5579E00FE9F5A /* Build configuration list for PBXNativeTarget "TipCalculatorUITests" */ = {
			isa = XCConfigurationList;
			buildConfigurations = (
				956CFEE123D5579E00FE9F5A /* Debug */,
				956CFEE223D5579E00FE9F5A /* Release */,
			);
			defaultConfigurationIsVisible = 0;
			defaultConfigurationName = Release;
		};
/* End XCConfigurationList section */
	};
	rootObject = 956CFEA823D5579800FE9F5A /* Project object */;
}
